
Microsoft Visual Studio Solution File, Format Version 12.00
# Visual Studio Version 17
VisualStudioVersion = 17.9.34622.214
MinimumVisualStudioVersion = 10.0.40219.1
Project("{9A19103F-16F7-4668-BE54-9A1E7A4F7556}") = "ChatRelay", "ChatRelay.csproj", "{A6137A44-F554-4648-87A8-677F077524FD}"
EndProject
Global
	GlobalSection(SolutionConfigurationPlatforms) = preSolution
		Debug|Any CPU = Debug|Any CPU
		Release|Any CPU = Release|Any CPU
	EndGlobalSection
	GlobalSection(ProjectConfigurationPlatforms) = postSolution
		{A6137A44-F554-4648-87A8-677F077524FD}.Debug|Any CPU.ActiveCfg = Debug|Any CPU
		{A6137A44-F554-4648-87A8-677F077524FD}.Debug|Any CPU.Build.0 = Debug|Any CPU
		{A6137A44-F554-4648-87A8-677F077524FD}.Release|Any CPU.ActiveCfg = Release|Any CPU
		{A6137A44-F554-4648-87A8-677F077524FD}.Release|Any CPU.Build.0 = Release|Any CPU
	EndGlobalSection
	GlobalSection(SolutionProperties) = preSolution
		HideSolutionNode = FALSE
	EndGlobalSection
	GlobalSection(ExtensibilityGlobals) = postSolution
		SolutionGuid = {4E212976-FDDA-4E11-9015-20A53913D652}
	EndGlobalSection
EndGlobal
